
Microsoft Visual Studio Solution File, Format Version 12.00
# Visual Studio Version 16
VisualStudioVersion = 16.0.29806.167
MinimumVisualStudioVersion = 10.0.40219.1
Project("{8BC9CEB8-8B4A-11D0-8D11-00A0C91BC942}") = "WindowsBuild", "WindowsBuild.vcxproj", "{9ED45E58-2A11-47BC-A425-00DA192A67E5}"
EndProject
Global
	GlobalSection(SolutionConfigurationPlatforms) = preSolution
		Debug|x64 = Debug|x64
		Release|x64 = Release|x64
	EndGlobalSection
	GlobalSection(ProjectConfigurationPlatforms) = postSolution
		{9ED45E58-2A11-47BC-A425-00DA192A67E5}.Debug|x64.ActiveCfg = Debug|x64
		{9ED45E58-2A11-47BC-A425-00DA192A67E5}.Debug|x64.Build.0 = Debug|x64
		{9ED45E58-2A11-47BC-A425-00DA192A67E5}.Release|x64.ActiveCfg = Release|x64
		{9ED45E58-2A11-47BC-A425-00DA192A67E5}.Release|x64.Build.0 = Release|x64
	EndGlobalSection
	GlobalSection(SolutionProperties) = preSolution
		HideSolutionNode = FALSE
	EndGlobalSection
	GlobalSection(ExtensibilityGlobals) = postSolution
		SolutionGuid = {D45D2792-73A2-4957-ABFE-9CBB3D922DEA}
	EndGlobalSection
EndGlobal
